
Microsoft Visual Studio Solution File, Format Version 12.00
# Visual Studio 2017
Project("{FAE04EC0-301F-11D3-BF4B-00C04F79EFBC}") = "Cows-Eat-Pigs", "Cows-Eat-Pigs.csproj", "{BF92AE2B-E743-F600-ADB2-0FB40A53B914}"
EndProject
Project("{FAE04EC0-301F-11D3-BF4B-00C04F79EFBC}") = "Cows-Eat-Pigs.Editor", "Cows-Eat-Pigs.Editor.csproj", "{416FB1CA-4803-DCF2-CE93-540347F86412}"
EndProject
Global
	GlobalSection(SolutionConfigurationPlatforms) = preSolution
		Debug|Any CPU = Debug|Any CPU
		Release|Any CPU = Release|Any CPU
	EndGlobalSection
	GlobalSection(ProjectConfigurationPlatforms) = postSolution
		{BF92AE2B-E743-F600-ADB2-0FB40A53B914}.Debug|Any CPU.ActiveCfg = Debug|Any CPU
		{BF92AE2B-E743-F600-ADB2-0FB40A53B914}.Debug|Any CPU.Build.0 = Debug|Any CPU
		{BF92AE2B-E743-F600-ADB2-0FB40A53B914}.Release|Any CPU.ActiveCfg = Release|Any CPU
		{BF92AE2B-E743-F600-ADB2-0FB40A53B914}.Release|Any CPU.Build.0 = Release|Any CPU
		{416FB1CA-4803-DCF2-CE93-540347F86412}.Debug|Any CPU.ActiveCfg = Debug|Any CPU
		{416FB1CA-4803-DCF2-CE93-540347F86412}.Debug|Any CPU.Build.0 = Debug|Any CPU
		{416FB1CA-4803-DCF2-CE93-540347F86412}.Release|Any CPU.ActiveCfg = Release|Any CPU
		{416FB1CA-4803-DCF2-CE93-540347F86412}.Release|Any CPU.Build.0 = Release|Any CPU
	EndGlobalSection
	GlobalSection(SolutionProperties) = preSolution
		HideSolutionNode = FALSE
	EndGlobalSection
EndGlobal
